
Microsoft Visual Studio Solution File, Format Version 12.00
# Visual Studio 15
VisualStudioVersion = 15.0.26403.3
MinimumVisualStudioVersion = 10.0.40219.1
Project("{D954291E-2A0B-460D-934E-DC6B0785DB48}") = "PhoneWord", "PhoneWord\PhoneWord\PhoneWord.shproj", "{FEFE5B31-D11B-41D8-8D65-D5F5E5AC094F}"
EndProject
Project("{FAE04EC0-301F-11D3-BF4B-00C04F79EFBC}") = "PhoneWord.Android", "PhoneWord\PhoneWord.Android\PhoneWord.Android.csproj", "{FD74183F-199C-498B-B406-E8FDD51AE241}"
EndProject
Project("{FAE04EC0-301F-11D3-BF4B-00C04F79EFBC}") = "PhoneWord.iOS", "PhoneWord\PhoneWord.iOS\PhoneWord.iOS.csproj", "{7F1CA31D-E144-46AE-99A9-CD328F8E60D8}"
EndProject
Project("{FAE04EC0-301F-11D3-BF4B-00C04F79EFBC}") = "PhoneWord.UWP", "PhoneWord\PhoneWord.UWP\PhoneWord.UWP.csproj", "{F3D3E839-EE10-407F-9510-147A1FE0AC93}"
EndProject
Project("{2150E333-8FDC-42A3-9474-1A3956D46DE8}") = "Solution Items", "Solution Items", "{D868882C-E0FC-4915-8C66-3380A5151140}"
EndProject
Global
	GlobalSection(SharedMSBuildProjectFiles) = preSolution
		PhoneWord\PhoneWord\PhoneWord.projitems*{7f1ca31d-e144-46ae-99a9-cd328f8e60d8}*SharedItemsImports = 4
		PhoneWord\PhoneWord\PhoneWord.projitems*{fd74183f-199c-498b-b406-e8fdd51ae241}*SharedItemsImports = 4
		PhoneWord\PhoneWord\PhoneWord.projitems*{fefe5b31-d11b-41d8-8d65-d5f5e5ac094f}*SharedItemsImports = 13
	EndGlobalSection
	GlobalSection(SolutionConfigurationPlatforms) = preSolution
		Ad-Hoc|Any CPU = Ad-Hoc|Any CPU
		Ad-Hoc|ARM = Ad-Hoc|ARM
		Ad-Hoc|iPhone = Ad-Hoc|iPhone
		Ad-Hoc|iPhoneSimulator = Ad-Hoc|iPhoneSimulator
		Ad-Hoc|x64 = Ad-Hoc|x64
		Ad-Hoc|x86 = Ad-Hoc|x86
		AppStore|Any CPU = AppStore|Any CPU
		AppStore|ARM = AppStore|ARM
		AppStore|iPhone = AppStore|iPhone
		AppStore|iPhoneSimulator = AppStore|iPhoneSimulator
		AppStore|x64 = AppStore|x64
		AppStore|x86 = AppStore|x86
		Debug|Any CPU = Debug|Any CPU
		Debug|ARM = Debug|ARM
		Debug|iPhone = Debug|iPhone
		Debug|iPhoneSimulator = Debug|iPhoneSimulator
		Debug|x64 = Debug|x64
		Debug|x86 = Debug|x86
		Release|Any CPU = Release|Any CPU
		Release|ARM = Release|ARM
		Release|iPhone = Release|iPhone
		Release|iPhoneSimulator = Release|iPhoneSimulator
		Release|x64 = Release|x64
		Release|x86 = Release|x86
	EndGlobalSection
	GlobalSection(ProjectConfigurationPlatforms) = postSolution
		{FD74183F-199C-498B-B406-E8FDD51AE241}.Ad-Hoc|Any CPU.ActiveCfg = Release|Any CPU
		{FD74183F-199C-498B-B406-E8FDD51AE241}.Ad-Hoc|Any CPU.Build.0 = Release|Any CPU
		{FD74183F-199C-498B-B406-E8FDD51AE241}.Ad-Hoc|Any CPU.Deploy.0 = Release|Any CPU
		{FD74183F-199C-498B-B406-E8FDD51AE241}.Ad-Hoc|ARM.ActiveCfg = Release|Any CPU
		{FD74183F-199C-498B-B406-E8FDD51AE241}.Ad-Hoc|ARM.Build.0 = Release|Any CPU
		{FD74183F-199C-498B-B406-E8FDD51AE241}.Ad-Hoc|ARM.Deploy.0 = Release|Any CPU
		{FD74183F-199C-498B-B406-E8FDD51AE241}.Ad-Hoc|iPhone.ActiveCfg = Release|Any CPU
		{FD74183F-199C-498B-B406-E8FDD51AE241}.Ad-Hoc|iPhone.Build.0 = Release|Any CPU
		{FD74183F-199C-498B-B406-E8FDD51AE241}.Ad-Hoc|iPhone.Deploy.0 = Release|Any CPU
		{FD74183F-199C-498B-B406-E8FDD51AE241}.Ad-Hoc|iPhoneSimulator.ActiveCfg = Release|Any CPU
		{FD74183F-199C-498B-B406-E8FDD51AE241}.Ad-Hoc|iPhoneSimulator.Build.0 = Release|Any CPU
		{FD74183F-199C-498B-B406-E8FDD51AE241}.Ad-Hoc|iPhoneSimulator.Deploy.0 = Release|Any CPU
		{FD74183F-199C-498B-B406-E8FDD51AE241}.Ad-Hoc|x64.ActiveCfg = Release|Any CPU
		{FD74183F-199C-498B-B406-E8FDD51AE241}.Ad-Hoc|x64.Build.0 = Release|Any CPU
		{FD74183F-199C-498B-B406-E8FDD51AE241}.Ad-Hoc|x64.Deploy.0 = Release|Any CPU
		{FD74183F-199C-498B-B406-E8FDD51AE241}.Ad-Hoc|x86.ActiveCfg = Release|Any CPU
		{FD74183F-199C-498B-B406-E8FDD51AE241}.Ad-Hoc|x86.Build.0 = Release|Any CPU
		{FD74183F-199C-498B-B406-E8FDD51AE241}.Ad-Hoc|x86.Deploy.0 = Release|Any CPU
		{FD74183F-199C-498B-B406-E8FDD51AE241}.AppStore|Any CPU.ActiveCfg = Release|Any CPU
		{FD74183F-199C-498B-B406-E8FDD51AE241}.AppStore|Any CPU.Build.0 = Release|Any CPU
		{FD74183F-199C-498B-B406-E8FDD51AE241}.AppStore|Any CPU.Deploy.0 = Release|Any CPU
		{FD74183F-199C-498B-B406-E8FDD51AE241}.AppStore|ARM.ActiveCfg = Release|Any CPU
		{FD74183F-199C-498B-B406-E8FDD51AE241}.AppStore|ARM.Build.0 = Release|Any CPU
		{FD74183F-199C-498B-B406-E8FDD51AE241}.AppStore|ARM.Deploy.0 = Release|Any CPU
		{FD74183F-199C-498B-B406-E8FDD51AE241}.AppStore|iPhone.ActiveCfg = Release|Any CPU
		{FD74183F-199C-498B-B406-E8FDD51AE241}.AppStore|iPhone.Build.0 = Release|Any CPU
		{FD74183F-199C-498B-B406-E8FDD51AE241}.AppStore|iPhone.Deploy.0 = Release|Any CPU
		{FD74183F-199C-498B-B406-E8FDD51AE241}.AppStore|iPhoneSimulator.ActiveCfg = Release|Any CPU
		{FD74183F-199C-498B-B406-E8FDD51AE241}.AppStore|iPhoneSimulator.Build.0 = Release|Any CPU
		{FD74183F-199C-498B-B406-E8FDD51AE241}.AppStore|iPhoneSimulator.Deploy.0 = Release|Any CPU
		{FD74183F-199C-498B-B406-E8FDD51AE241}.AppStore|x64.ActiveCfg = Release|Any CPU
		{FD74183F-199C-498B-B406-E8FDD51AE241}.AppStore|x64.Build.0 = Release|Any CPU
		{FD74183F-199C-498B-B406-E8FDD51AE241}.AppStore|x64.Deploy.0 = Release|Any CPU
		{FD74183F-199C-498B-B406-E8FDD51AE241}.AppStore|x86.ActiveCfg = Release|Any CPU
		{FD74183F-199C-498B-B406-E8FDD51AE241}.AppStore|x86.Build.0 = Release|Any CPU
		{FD74183F-199C-498B-B406-E8FDD51AE241}.AppStore|x86.Deploy.0 = Release|Any CPU
		{FD74183F-199C-498B-B406-E8FDD51AE241}.Debug|Any CPU.ActiveCfg = Debug|Any CPU
		{FD74183F-199C-498B-B406-E8FDD51AE241}.Debug|Any CPU.Build.0 = Debug|Any CPU
		{FD74183F-199C-498B-B406-E8FDD51AE241}.Debug|Any CPU.Deploy.0 = Debug|Any CPU
		{FD74183F-199C-498B-B406-E8FDD51AE241}.Debug|ARM.ActiveCfg = Debug|Any CPU
		{FD74183F-199C-498B-B406-E8FDD51AE241}.Debug|ARM.Build.0 = Debug|Any CPU
		{FD74183F-199C-498B-B406-E8FDD51AE241}.Debug|ARM.Deploy.0 = Debug|Any CPU
		{FD74183F-199C-498B-B406-E8FDD51AE241}.Debug|iPhone.ActiveCfg = Debug|Any CPU
		{FD74183F-199C-498B-B406-E8FDD51AE241}.Debug|iPhone.Build.0 = Debug|Any CPU
		{FD74183F-199C-498B-B406-E8FDD51AE241}.Debug|iPhone.Deploy.0 = Debug|Any CPU
		{FD74183F-199C-498B-B406-E8FDD51AE241}.Debug|iPhoneSimulator.ActiveCfg = Debug|Any CPU
		{FD74183F-199C-498B-B406-E8FDD51AE241}.Debug|iPhoneSimulator.Build.0 = Debug|Any CPU
		{FD74183F-199C-498B-B406-E8FDD51AE241}.Debug|iPhoneSimulator.Deploy.0 = Debug|Any CPU
		{FD74183F-199C-498B-B406-E8FDD51AE241}.Debug|x64.ActiveCfg = Debug|Any CPU
		{FD74183F-199C-498B-B406-E8FDD51AE241}.Debug|x64.Build.0 = Debug|Any CPU
		{FD74183F-199C-498B-B406-E8FDD51AE241}.Debug|x64.Deploy.0 = Debug|Any CPU
		{FD74183F-199C-498B-B406-E8FDD51AE241}.Debug|x86.ActiveCfg = Debug|Any CPU
		{FD74183F-199C-498B-B406-E8FDD51AE241}.Debug|x86.Build.0 = Debug|Any CPU
		{FD74183F-199C-498B-B406-E8FDD51AE241}.Debug|x86.Deploy.0 = Debug|Any CPU
		{FD74183F-199C-498B-B406-E8FDD51AE241}.Release|Any CPU.ActiveCfg = Release|Any CPU
		{FD74183F-199C-498B-B406-E8FDD51AE241}.Release|Any CPU.Build.0 = Release|Any CPU
		{FD74183F-199C-498B-B406-E8FDD51AE241}.Release|Any CPU.Deploy.0 = Release|Any CPU
		{FD74183F-199C-498B-B406-E8FDD51AE241}.Release|ARM.ActiveCfg = Release|Any CPU
		{FD74183F-199C-498B-B406-E8FDD51AE241}.Release|ARM.Build.0 = Release|Any CPU
		{FD74183F-199C-498B-B406-E8FDD51AE241}.Release|ARM.Deploy.0 = Release|Any CPU
		{FD74183F-199C-498B-B406-E8FDD51AE241}.Release|iPhone.ActiveCfg = Release|Any CPU
		{FD74183F-199C-498B-B406-E8FDD51AE241}.Release|iPhone.Build.0 = Release|Any CPU
		{FD74183F-199C-498B-B406-E8FDD51AE241}.Release|iPhone.Deploy.0 = Release|Any CPU
		{FD74183F-199C-498B-B406-E8FDD51AE241}.Release|iPhoneSimulator.ActiveCfg = Release|Any CPU
		{FD74183F-199C-498B-B406-E8FDD51AE241}.Release|iPhoneSimulator.Build.0 = Release|Any CPU
		{FD74183F-199C-498B-B406-E8FDD51AE241}.Release|iPhoneSimulator.Deploy.0 = Release|Any CPU
		{FD74183F-199C-498B-B406-E8FDD51AE241}.Release|x64.ActiveCfg = Release|Any CPU
		{FD74183F-199C-498B-B406-E8FDD51AE241}.Release|x64.Build.0 = Release|Any CPU
		{FD74183F-199C-498B-B406-E8FDD51AE241}.Release|x64.Deploy.0 = Release|Any CPU
		{FD74183F-199C-498B-B406-E8FDD51AE241}.Release|x86.ActiveCfg = Release|Any CPU
		{FD74183F-199C-498B-B406-E8FDD51AE241}.Release|x86.Build.0 = Release|Any CPU
		{FD74183F-199C-498B-B406-E8FDD51AE241}.Release|x86.Deploy.0 = Release|Any CPU
		{7F1CA31D-E144-46AE-99A9-CD328F8E60D8}.Ad-Hoc|Any CPU.ActiveCfg = Ad-Hoc|iPhone
		{7F1CA31D-E144-46AE-99A9-CD328F8E60D8}.Ad-Hoc|ARM.ActiveCfg = Ad-Hoc|iPhone
		{7F1CA31D-E144-46AE-99A9-CD328F8E60D8}.Ad-Hoc|iPhone.ActiveCfg = Ad-Hoc|iPhone
		{7F1CA31D-E144-46AE-99A9-CD328F8E60D8}.Ad-Hoc|iPhone.Build.0 = Ad-Hoc|iPhone
		{7F1CA31D-E144-46AE-99A9-CD328F8E60D8}.Ad-Hoc|iPhoneSimulator.ActiveCfg = Ad-Hoc|iPhoneSimulator
		{7F1CA31D-E144-46AE-99A9-CD328F8E60D8}.Ad-Hoc|iPhoneSimulator.Build.0 = Ad-Hoc|iPhoneSimulator
		{7F1CA31D-E144-46AE-99A9-CD328F8E60D8}.Ad-Hoc|x64.ActiveCfg = Ad-Hoc|iPhone
		{7F1CA31D-E144-46AE-99A9-CD328F8E60D8}.Ad-Hoc|x86.ActiveCfg = Ad-Hoc|iPhone
		{7F1CA31D-E144-46AE-99A9-CD328F8E60D8}.AppStore|Any CPU.ActiveCfg = AppStore|iPhone
		{7F1CA31D-E144-46AE-99A9-CD328F8E60D8}.AppStore|ARM.ActiveCfg = AppStore|iPhone
		{7F1CA31D-E144-46AE-99A9-CD328F8E60D8}.AppStore|iPhone.ActiveCfg = AppStore|iPhone
		{7F1CA31D-E144-46AE-99A9-CD328F8E60D8}.AppStore|iPhone.Build.0 = AppStore|iPhone
		{7F1CA31D-E144-46AE-99A9-CD328F8E60D8}.AppStore|iPhoneSimulator.ActiveCfg = AppStore|iPhoneSimulator
		{7F1CA31D-E144-46AE-99A9-CD328F8E60D8}.AppStore|iPhoneSimulator.Build.0 = AppStore|iPhoneSimulator
		{7F1CA31D-E144-46AE-99A9-CD328F8E60D8}.AppStore|x64.ActiveCfg = AppStore|iPhone
		{7F1CA31D-E144-46AE-99A9-CD328F8E60D8}.AppStore|x86.ActiveCfg = AppStore|iPhone
		{7F1CA31D-E144-46AE-99A9-CD328F8E60D8}.Debug|Any CPU.ActiveCfg = Debug|iPhone
		{7F1CA31D-E144-46AE-99A9-CD328F8E60D8}.Debug|ARM.ActiveCfg = Debug|iPhone
		{7F1CA31D-E144-46AE-99A9-CD328F8E60D8}.Debug|iPhone.ActiveCfg = Debug|iPhone
		{7F1CA31D-E144-46AE-99A9-CD328F8E60D8}.Debug|iPhone.Build.0 = Debug|iPhone
		{7F1CA31D-E144-46AE-99A9-CD328F8E60D8}.Debug|iPhoneSimulator.ActiveCfg = Debug|iPhoneSimulator
		{7F1CA31D-E144-46AE-99A9-CD328F8E60D8}.Debug|iPhoneSimulator.Build.0 = Debug|iPhoneSimulator
		{7F1CA31D-E144-46AE-99A9-CD328F8E60D8}.Debug|x64.ActiveCfg = Debug|iPhone
		{7F1CA31D-E144-46AE-99A9-CD328F8E60D8}.Debug|x86.ActiveCfg = Debug|iPhone
		{7F1CA31D-E144-46AE-99A9-CD328F8E60D8}.Release|Any CPU.ActiveCfg = Release|iPhone
		{7F1CA31D-E144-46AE-99A9-CD328F8E60D8}.Release|ARM.ActiveCfg = Release|iPhone
		{7F1CA31D-E144-46AE-99A9-CD328F8E60D8}.Release|iPhone.ActiveCfg = Release|iPhone
		{7F1CA31D-E144-46AE-99A9-CD328F8E60D8}.Release|iPhone.Build.0 = Release|iPhone
		{7F1CA31D-E144-46AE-99A9-CD328F8E60D8}.Release|iPhoneSimulator.ActiveCfg = Release|iPhoneSimulator
		{7F1CA31D-E144-46AE-99A9-CD328F8E60D8}.Release|iPhoneSimulator.Build.0 = Release|iPhoneSimulator
		{7F1CA31D-E144-46AE-99A9-CD328F8E60D8}.Release|x64.ActiveCfg = Release|iPhone
		{7F1CA31D-E144-46AE-99A9-CD328F8E60D8}.Release|x86.ActiveCfg = Release|iPhone
		{F3D3E839-EE10-407F-9510-147A1FE0AC93}.Ad-Hoc|Any CPU.ActiveCfg = Release|x86
		{F3D3E839-EE10-407F-9510-147A1FE0AC93}.Ad-Hoc|Any CPU.Build.0 = Release|x86
		{F3D3E839-EE10-407F-9510-147A1FE0AC93}.Ad-Hoc|Any CPU.Deploy.0 = Release|x86
		{F3D3E839-EE10-407F-9510-147A1FE0AC93}.Ad-Hoc|ARM.ActiveCfg = Release|ARM
		{F3D3E839-EE10-407F-9510-147A1FE0AC93}.Ad-Hoc|ARM.Build.0 = Release|ARM
		{F3D3E839-EE10-407F-9510-147A1FE0AC93}.Ad-Hoc|ARM.Deploy.0 = Release|ARM
		{F3D3E839-EE10-407F-9510-147A1FE0AC93}.Ad-Hoc|iPhone.ActiveCfg = Release|x86
		{F3D3E839-EE10-407F-9510-147A1FE0AC93}.Ad-Hoc|iPhone.Build.0 = Release|x86
		{F3D3E839-EE10-407F-9510-147A1FE0AC93}.Ad-Hoc|iPhone.Deploy.0 = Release|x86
		{F3D3E839-EE10-407F-9510-147A1FE0AC93}.Ad-Hoc|iPhoneSimulator.ActiveCfg = Release|x86
		{F3D3E839-EE10-407F-9510-147A1FE0AC93}.Ad-Hoc|iPhoneSimulator.Build.0 = Release|x86
		{F3D3E839-EE10-407F-9510-147A1FE0AC93}.Ad-Hoc|iPhoneSimulator.Deploy.0 = Release|x86
		{F3D3E839-EE10-407F-9510-147A1FE0AC93}.Ad-Hoc|x64.ActiveCfg = Release|x64
		{F3D3E839-EE10-407F-9510-147A1FE0AC93}.Ad-Hoc|x64.Build.0 = Release|x64
		{F3D3E839-EE10-407F-9510-147A1FE0AC93}.Ad-Hoc|x64.Deploy.0 = Release|x64
		{F3D3E839-EE10-407F-9510-147A1FE0AC93}.Ad-Hoc|x86.ActiveCfg = Release|x86
		{F3D3E839-EE10-407F-9510-147A1FE0AC93}.Ad-Hoc|x86.Build.0 = Release|x86
		{F3D3E839-EE10-407F-9510-147A1FE0AC93}.Ad-Hoc|x86.Deploy.0 = Release|x86
		{F3D3E839-EE10-407F-9510-147A1FE0AC93}.AppStore|Any CPU.ActiveCfg = Release|x86
		{F3D3E839-EE10-407F-9510-147A1FE0AC93}.AppStore|Any CPU.Build.0 = Release|x86
		{F3D3E839-EE10-407F-9510-147A1FE0AC93}.AppStore|Any CPU.Deploy.0 = Release|x86
		{F3D3E839-EE10-407F-9510-147A1FE0AC93}.AppStore|ARM.ActiveCfg = Release|ARM
		{F3D3E839-EE10-407F-9510-147A1FE0AC93}.AppStore|ARM.Build.0 = Release|ARM
		{F3D3E839-EE10-407F-9510-147A1FE0AC93}.AppStore|ARM.Deploy.0 = Release|ARM
		{F3D3E839-EE10-407F-9510-147A1FE0AC93}.AppStore|iPhone.ActiveCfg = Release|x86
		{F3D3E839-EE10-407F-9510-147A1FE0AC93}.AppStore|iPhone.Build.0 = Release|x86
		{F3D3E839-EE10-407F-9510-147A1FE0AC93}.AppStore|iPhone.Deploy.0 = Release|x86
		{F3D3E839-EE10-407F-9510-147A1FE0AC93}.AppStore|iPhoneSimulator.ActiveCfg = Release|x86
		{F3D3E839-EE10-407F-9510-147A1FE0AC93}.AppStore|iPhoneSimulator.Build.0 = Release|x86
		{F3D3E839-EE10-407F-9510-147A1FE0AC93}.AppStore|iPhoneSimulator.Deploy.0 = Release|x86
		{F3D3E839-EE10-407F-9510-147A1FE0AC93}.AppStore|x64.ActiveCfg = Release|x64
		{F3D3E839-EE10-407F-9510-147A1FE0AC93}.AppStore|x64.Build.0 = Release|x64
		{F3D3E839-EE10-407F-9510-147A1FE0AC93}.AppStore|x64.Deploy.0 = Release|x64
		{F3D3E839-EE10-407F-9510-147A1FE0AC93}.AppStore|x86.ActiveCfg = Release|x86
		{F3D3E839-EE10-407F-9510-147A1FE0AC93}.AppStore|x86.Build.0 = Release|x86
		{F3D3E839-EE10-407F-9510-147A1FE0AC93}.AppStore|x86.Deploy.0 = Release|x86
		{F3D3E839-EE10-407F-9510-147A1FE0AC93}.Debug|Any CPU.ActiveCfg = Debug|x86
		{F3D3E839-EE10-407F-9510-147A1FE0AC93}.Debug|ARM.ActiveCfg = Debug|ARM
		{F3D3E839-EE10-407F-9510-147A1FE0AC93}.Debug|ARM.Build.0 = Debug|ARM
		{F3D3E839-EE10-407F-9510-147A1FE0AC93}.Debug|ARM.Deploy.0 = Debug|ARM
		{F3D3E839-EE10-407F-9510-147A1FE0AC93}.Debug|iPhone.ActiveCfg = Debug|x86
		{F3D3E839-EE10-407F-9510-147A1FE0AC93}.Debug|iPhoneSimulator.ActiveCfg = Debug|x86
		{F3D3E839-EE10-407F-9510-147A1FE0AC93}.Debug|x64.ActiveCfg = Debug|x64
		{F3D3E839-EE10-407F-9510-147A1FE0AC93}.Debug|x64.Build.0 = Debug|x64
		{F3D3E839-EE10-407F-9510-147A1FE0AC93}.Debug|x64.Deploy.0 = Debug|x64
		{F3D3E839-EE10-407F-9510-147A1FE0AC93}.Debug|x86.ActiveCfg = Debug|x86
		{F3D3E839-EE10-407F-9510-147A1FE0AC93}.Debug|x86.Build.0 = Debug|x86
		{F3D3E839-EE10-407F-9510-147A1FE0AC93}.Debug|x86.Deploy.0 = Debug|x86
		{F3D3E839-EE10-407F-9510-147A1FE0AC93}.Release|Any CPU.ActiveCfg = Release|x86
		{F3D3E839-EE10-407F-9510-147A1FE0AC93}.Release|ARM.ActiveCfg = Release|ARM
		{F3D3E839-EE10-407F-9510-147A1FE0AC93}.Release|ARM.Build.0 = Release|ARM
		{F3D3E839-EE10-407F-9510-147A1FE0AC93}.Release|ARM.Deploy.0 = Release|ARM
		{F3D3E839-EE10-407F-9510-147A1FE0AC93}.Release|iPhone.ActiveCfg = Release|x86
		{F3D3E839-EE10-407F-9510-147A1FE0AC93}.Release|iPhoneSimulator.ActiveCfg = Release|x86
		{F3D3E839-EE10-407F-9510-147A1FE0AC93}.Release|x64.ActiveCfg = Release|x64
		{F3D3E839-EE10-407F-9510-147A1FE0AC93}.Release|x64.Build.0 = Release|x64
		{F3D3E839-EE10-407F-9510-147A1FE0AC93}.Release|x64.Deploy.0 = Release|x64
		{F3D3E839-EE10-407F-9510-147A1FE0AC93}.Release|x86.ActiveCfg = Release|x86
		{F3D3E839-EE10-407F-9510-147A1FE0AC93}.Release|x86.Build.0 = Release|x86
		{F3D3E839-EE10-407F-9510-147A1FE0AC93}.Release|x86.Deploy.0 = Release|x86
	EndGlobalSection
	GlobalSection(SolutionProperties) = preSolution
		HideSolutionNode = FALSE
	EndGlobalSection
EndGlobal
